lockfileVersion: '9.0'

settings:
  autoInstallPeers: true
  excludeLinksFromLockfile: false

importers:

  .:
    dependencies:
      cm-chessboard:
        specifier: ^8.7.4
        version: 8.7.4

packages:

  cm-chessboard@8.7.4:
    resolution: {integrity: sha512-pD/lObREtxWyoG+1z6mdooxOtiPmOeoq3GGAfVNr/H3CED93aq0Oq3t+2CmUx4W6oMn7qWWplK9rV9oMlgHpfQ==}

snapshots:

  cm-chessboard@8.7.4: {}
